lockfileVersion: 5.3

specifiers:
  prettier: ^2.5.1
  stylelint-config-css-modules: ^4.0.1
  stylelint-config-prettier: ^9.0.3
  stylelint-config-recess-order: ^3.0.0
  stylelint-config-standard: ^25.0.0
  stylelint-config-standard-scss: ^3.0.0

dependencies:
  stylelint-config-css-modules: 4.0.1
  stylelint-config-prettier: 9.0.3
  stylelint-config-recess-order: 3.0.0
  stylelint-config-standard: 25.0.0
  stylelint-config-standard-scss: 3.0.0

devDependencies:
  prettier: 2.5.1

packages:

  /cssesc/3.0.0:
    resolution: {integrity: sha512-/Tb/JcjK111nNScGob5MNtsntNM1aCNUDipB/TkwZFhyDrrE47SOx/18wF2bbjgc3ZzCSKW1T5nt5EbFoAz/Vg==}
    engines: {node: '>=4'}
    hasBin: true
    dev: false

  /lodash/4.17.21:
    resolution: {integrity: sha512-v2kDEe57lecTulaDIuNTPy3Ry4gLGJ6Z1O3vE1krgXZNrsQ+LFTGHVxVjcXPs17LhbZVGedAJv8XZ1tvj5FvSg==}
    dev: false

  /nanoid/3.3.1:
    resolution: {integrity: sha512-n6Vs/3KGyxPQd6uO0eH4Bv0ojGSUvuLlIHtC3Y0kEO23YRge8H9x1GCzLn28YX0H66pMkxuaeESFq4tKISKwdw==}
    engines: {node: ^10 || ^12 || ^13.7 || ^14 || >=15.0.1}
    hasBin: true
    dev: false

  /picocolors/1.0.0:
    resolution: {integrity: sha512-1fygroTLlHu66zi26VoTDv8yRgm0Fccecssto+MhsZ0D/DGW2sm8E8AjW7NU5VVTRt5GxbeZ5qBuJr+HyLYkjQ==}
    dev: false

  /postcss-media-query-parser/0.2.3:
    resolution: {integrity: sha1-J7Ocb02U+Bsac7j3Y1HGCeXO8kQ=}
    dev: false

  /postcss-resolve-nested-selector/0.1.1:
    resolution: {integrity: sha1-Kcy8fDfe36wwTp//C/FZaz9qDk4=}
    dev: false

  /postcss-scss/4.0.3:
    resolution: {integrity: sha512-j4KxzWovfdHsyxwl1BxkUal/O4uirvHgdzMKS1aWJBAV0qh2qj5qAZqpeBfVUYGWv+4iK9Az7SPyZ4fyNju1uA==}
    engines: {node: '>=12.0'}
    peerDependencies:
      postcss: ^8.3.3
    dev: false

  /postcss-selector-parser/6.0.9:
    resolution: {integrity: sha512-UO3SgnZOVTwu4kyLR22UQ1xZh086RyNZppb7lLAKBFK8a32ttG5i87Y/P3+2bRSjZNyJ1B7hfFNo273tKe9YxQ==}
    engines: {node: '>=4'}
    dependencies:
      cssesc: 3.0.0
      util-deprecate: 1.0.2
    dev: false

  /postcss-sorting/7.0.1_postcss@8.4.8:
    resolution: {integrity: sha512-iLBFYz6VRYyLJEJsBJ8M3TCqNcckVzz4wFounSc5Oez35ogE/X+aoC5fFu103Ot7NyvjU3/xqIXn93Gp3kJk4g==}
    peerDependencies:
      postcss: ^8.3.9
    dependencies:
      postcss: 8.4.8
    dev: false

  /postcss-value-parser/4.2.0:
    resolution: {integrity: sha512-1NNCs6uurfkVbeXG4S8JFT9t19m45ICnif8zWLd5oPSZ50QnwMfK+H3jv408d4jw/7Bttv5axS5IiHoLaVNHeQ==}
    dev: false

  /postcss/8.4.8:
    resolution: {integrity: sha512-2tXEqGxrjvAO6U+CJzDL2Fk2kPHTv1jQsYkSoMeOis2SsYaXRO2COxTdQp99cYvif9JTXaAk9lYGc3VhJt7JPQ==}
    engines: {node: ^10 || ^12 || >=14}
    dependencies:
      nanoid: 3.3.1
      picocolors: 1.0.0
      source-map-js: 1.0.2
    dev: false

  /prettier/2.5.1:
    resolution: {integrity: sha512-vBZcPRUR5MZJwoyi3ZoyQlc1rXeEck8KgeC9AwwOn+exuxLxq5toTRDTSaVrXHxelDMHy9zlicw8u66yxoSUFg==}
    engines: {node: '>=10.13.0'}
    hasBin: true
    dev: true

  /source-map-js/1.0.2:
    resolution: {integrity: sha512-R0XvVJ9WusLiqTCEiGCmICCMplcCkIwwR11mOSD9CR5u+IXYdiseeEuXCVAjS54zqwkLcPNnmU4OeJ6tUrWhDw==}
    engines: {node: '>=0.10.0'}
    dev: false

  /stylelint-config-css-modules/4.0.1:
    resolution: {integrity: sha512-H1+JI+YCRM6vbcwV5PuJqCFGzUkBkXrqVWlmt20KFtRgJ52yPOGBTixrVG7M55W1Q3u6TiiLpVFvQ3nj7WpXSA==}
    peerDependencies:
      stylelint: 14.x
    optionalDependencies:
      stylelint-scss: 4.1.0
    dev: false

  /stylelint-config-prettier/9.0.3:
    resolution: {integrity: sha512-5n9gUDp/n5tTMCq1GLqSpA30w2sqWITSSEiAWQlpxkKGAUbjcemQ0nbkRvRUa0B1LgD3+hCvdL7B1eTxy1QHJg==}
    engines: {node: '>= 12'}
    hasBin: true
    peerDependencies:
      stylelint: '>=11.0.0'
    dev: false

  /stylelint-config-recess-order/3.0.0:
    resolution: {integrity: sha512-uNXrlDz570Q7HJlrq8mNjgfO/xlKIh2hKVKEFMTG1/ih/6tDLcTbuvO1Zoo2dnQay990OAkWLDpTDOorB+hmBw==}
    peerDependencies:
      stylelint: '>=14'
    dependencies:
      stylelint-order: 5.0.0
    dev: false

  /stylelint-config-recommended-scss/5.0.2:
    resolution: {integrity: sha512-b14BSZjcwW0hqbzm9b0S/ScN2+3CO3O4vcMNOw2KGf8lfVSwJ4p5TbNEXKwKl1+0FMtgRXZj6DqVUe/7nGnuBg==}
    peerDependencies:
      stylelint: ^14.0.0
    dependencies:
      postcss-scss: 4.0.3
      stylelint-config-recommended: 6.0.0
      stylelint-scss: 4.1.0
    transitivePeerDependencies:
      - postcss
    dev: false

  /stylelint-config-recommended/6.0.0:
    resolution: {integrity: sha512-ZorSSdyMcxWpROYUvLEMm0vSZud2uB7tX1hzBZwvVY9SV/uly4AvvJPPhCcymZL3fcQhEQG5AELmrxWqtmzacw==}
    peerDependencies:
      stylelint: ^14.0.0
    dev: false

  /stylelint-config-recommended/7.0.0:
    resolution: {integrity: sha512-yGn84Bf/q41J4luis1AZ95gj0EQwRX8lWmGmBwkwBNSkpGSpl66XcPTulxGa/Z91aPoNGuIGBmFkcM1MejMo9Q==}
    peerDependencies:
      stylelint: ^14.4.0
    dev: false

  /stylelint-config-standard-scss/3.0.0:
    resolution: {integrity: sha512-zt3ZbzIbllN1iCmc94e4pDxqpkzeR6CJo5DDXzltshuXr+82B8ylHyMMARNnUYrZH80B7wgY7UkKTYCFM0UUyw==}
    peerDependencies:
      stylelint: ^14.0.0
    dependencies:
      stylelint-config-recommended-scss: 5.0.2
      stylelint-config-standard: 24.0.0
    transitivePeerDependencies:
      - postcss
    dev: false

  /stylelint-config-standard/24.0.0:
    resolution: {integrity: sha512-+RtU7fbNT+VlNbdXJvnjc3USNPZRiRVp/d2DxOF/vBDDTi0kH5RX2Ny6errdtZJH3boO+bmqIYEllEmok4jiuw==}
    peerDependencies:
      stylelint: ^14.0.0
    dependencies:
      stylelint-config-recommended: 6.0.0
    dev: false

  /stylelint-config-standard/25.0.0:
    resolution: {integrity: sha512-21HnP3VSpaT1wFjFvv9VjvOGDtAviv47uTp3uFmzcN+3Lt+RYRv6oAplLaV51Kf792JSxJ6svCJh/G18E9VnCA==}
    peerDependencies:
      stylelint: ^14.4.0
    dependencies:
      stylelint-config-recommended: 7.0.0
    dev: false

  /stylelint-order/5.0.0:
    resolution: {integrity: sha512-OWQ7pmicXufDw5BlRqzdz3fkGKJPgLyDwD1rFY3AIEfIH/LQY38Vu/85v8/up0I+VPiuGRwbc2Hg3zLAsJaiyw==}
    peerDependencies:
      stylelint: ^14.0.0
    dependencies:
      postcss: 8.4.8
      postcss-sorting: 7.0.1_postcss@8.4.8
    dev: false

  /stylelint-scss/4.1.0:
    resolution: {integrity: sha512-BNYTo7MMamhFOlcaAWp2dMpjg6hPyM/FFqfDIYzmYVLMmQJqc8lWRIiTqP4UX5bresj9Vo0dKC6odSh43VP2NA==}
    peerDependencies:
      stylelint: ^14.0.0
    dependencies:
      lodash: 4.17.21
      postcss-media-query-parser: 0.2.3
      postcss-resolve-nested-selector: 0.1.1
      postcss-selector-parser: 6.0.9
      postcss-value-parser: 4.2.0
    dev: false

  /util-deprecate/1.0.2:
    resolution: {integrity: sha1-RQ1Nyfpw3nMnYvvS1KKJgUGaDM8=}
    dev: false
