lockfileVersion: 5.4

specifiers:
  prettier: ^2.8.4
  stylelint-config-css-modules: ^4.2.0
  stylelint-config-prettier: ^9.0.5
  stylelint-config-recess-order: ^4.0.0
  stylelint-config-standard: ^30.0.1
  stylelint-config-standard-scss: ^7.0.1

dependencies:
  stylelint-config-css-modules: 4.2.0
  stylelint-config-prettier: 9.0.5
  stylelint-config-recess-order: 4.0.0
  stylelint-config-standard: 30.0.1
  stylelint-config-standard-scss: 7.0.1

devDependencies:
  prettier: 2.8.4

packages:

  /cssesc/3.0.0:
    resolution: {integrity: sha512-/Tb/JcjK111nNScGob5MNtsntNM1aCNUDipB/TkwZFhyDrrE47SOx/18wF2bbjgc3ZzCSKW1T5nt5EbFoAz/Vg==}
    engines: {node: '>=4'}
    hasBin: true
    dev: false

  /lodash/4.17.21:
    resolution: {integrity: sha512-v2kDEe57lecTulaDIuNTPy3Ry4gLGJ6Z1O3vE1krgXZNrsQ+LFTGHVxVjcXPs17LhbZVGedAJv8XZ1tvj5FvSg==}
    dev: false

  /nanoid/3.3.4:
    resolution: {integrity: sha512-MqBkQh/OHTS2egovRtLk45wEyNXwF+cokD+1YPf9u5VfJiRdAiRwB2froX5Co9Rh20xs4siNPm8naNotSD6RBw==}
    engines: {node: ^10 || ^12 || ^13.7 || ^14 || >=15.0.1}
    hasBin: true
    dev: false

  /picocolors/1.0.0:
    resolution: {integrity: sha512-1fygroTLlHu66zi26VoTDv8yRgm0Fccecssto+MhsZ0D/DGW2sm8E8AjW7NU5VVTRt5GxbeZ5qBuJr+HyLYkjQ==}
    dev: false

  /postcss-media-query-parser/0.2.3:
    resolution: {integrity: sha512-3sOlxmbKcSHMjlUXQZKQ06jOswE7oVkXPxmZdoB1r5l0q6gTFTQSHxNxOrCccElbW7dxNytifNEo8qidX2Vsig==}
    dev: false

  /postcss-resolve-nested-selector/0.1.1:
    resolution: {integrity: sha512-HvExULSwLqHLgUy1rl3ANIqCsvMS0WHss2UOsXhXnQaZ9VCc2oBvIpXrl00IUFT5ZDITME0o6oiXeiHr2SAIfw==}
    dev: false

  /postcss-scss/4.0.6:
    resolution: {integrity: sha512-rLDPhJY4z/i4nVFZ27j9GqLxj1pwxE80eAzUNRMXtcpipFYIeowerzBgG3yJhMtObGEXidtIgbUpQ3eLDsf5OQ==}
    engines: {node: '>=12.0'}
    peerDependencies:
      postcss: ^8.4.19
    dev: false

  /postcss-selector-parser/6.0.11:
    resolution: {integrity: sha512-zbARubNdogI9j7WY4nQJBiNqQf3sLS3wCP4WfOidu+p28LofJqDH1tcXypGrcmMHhDk2t9wGhCsYe/+szLTy1g==}
    engines: {node: '>=4'}
    dependencies:
      cssesc: 3.0.0
      util-deprecate: 1.0.2
    dev: false

  /postcss-sorting/8.0.2_postcss@8.4.21:
    resolution: {integrity: sha512-M9dkSrmU00t/jK7rF6BZSZauA5MAaBW4i5EnJXspMwt4iqTh/L9j6fgMnbElEOfyRyfLfVbIHj/R52zHzAPe1Q==}
    peerDependencies:
      postcss: ^8.4.20
    dependencies:
      postcss: 8.4.21
    dev: false

  /postcss-value-parser/4.2.0:
    resolution: {integrity: sha512-1NNCs6uurfkVbeXG4S8JFT9t19m45ICnif8zWLd5oPSZ50QnwMfK+H3jv408d4jw/7Bttv5axS5IiHoLaVNHeQ==}
    dev: false

  /postcss/8.4.21:
    resolution: {integrity: sha512-tP7u/Sn/dVxK2NnruI4H9BG+x+Wxz6oeZ1cJ8P6G/PZY0IKk4k/63TDsQf2kQq3+qoJeLm2kIBUNlZe3zgb4Zg==}
    engines: {node: ^10 || ^12 || >=14}
    dependencies:
      nanoid: 3.3.4
      picocolors: 1.0.0
      source-map-js: 1.0.2
    dev: false

  /prettier/2.8.4:
    resolution: {integrity: sha512-vIS4Rlc2FNh0BySk3Wkd6xmwxB0FpOndW5fisM5H8hsZSxU2VWVB5CWIkIjWvrHjIhxk2g3bfMKM87zNTrZddw==}
    engines: {node: '>=10.13.0'}
    hasBin: true
    dev: true

  /source-map-js/1.0.2:
    resolution: {integrity: sha512-R0XvVJ9WusLiqTCEiGCmICCMplcCkIwwR11mOSD9CR5u+IXYdiseeEuXCVAjS54zqwkLcPNnmU4OeJ6tUrWhDw==}
    engines: {node: '>=0.10.0'}
    dev: false

  /stylelint-config-css-modules/4.2.0:
    resolution: {integrity: sha512-5x7lzPNCc42puQEAFdr7dSzQ00aIg1vCVyV+QPUiSp2oZILpAt8HTgveXaDttazxcwWPBNJrxrLpa556xUP7Bw==}
    peerDependencies:
      stylelint: ^14.5.1 || ^15.0.0
    optionalDependencies:
      stylelint-scss: 4.4.0
    dev: false

  /stylelint-config-prettier/9.0.5:
    resolution: {integrity: sha512-U44lELgLZhbAD/xy/vncZ2Pq8sh2TnpiPvo38Ifg9+zeioR+LAkHu0i6YORIOxFafZoVg0xqQwex6e6F25S5XA==}
    engines: {node: '>= 12'}
    hasBin: true
    peerDependencies:
      stylelint: '>= 11.x < 15'
    dev: false

  /stylelint-config-recess-order/4.0.0:
    resolution: {integrity: sha512-sOb+OofMryBR91CbzgV2FavpONqiIeAE7cfrgyUHqePblWBKsYzoUuWThI5EjPRA7KKeovm6ykr7twWYLeafPQ==}
    peerDependencies:
      stylelint: '>=15'
    dependencies:
      stylelint-order: 6.0.3
    dev: false

  /stylelint-config-recommended-scss/9.0.1:
    resolution: {integrity: sha512-qAmz/TdrqslwiMTuLM3QXeISUkfEDUXGMfRBCHm/xrkCJNnQefv+mzG2mWTsWkqcVk8HAyUkug10dwAcYp2fCQ==}
    peerDependencies:
      postcss: ^8.3.3
      stylelint: ^15.0.0
    peerDependenciesMeta:
      postcss:
        optional: true
    dependencies:
      postcss-scss: 4.0.6
      stylelint-config-recommended: 10.0.1
      stylelint-scss: 4.4.0
    dev: false

  /stylelint-config-recommended/10.0.1:
    resolution: {integrity: sha512-TQ4xQ48tW4QSlODcti7pgSRqBZcUaBzuh0jPpfiMhwJKBPkqzTIAU+IrSWL/7BgXlOM90DjB7YaNgFpx8QWhuA==}
    peerDependencies:
      stylelint: ^15.0.0
    dev: false

  /stylelint-config-standard-scss/7.0.1:
    resolution: {integrity: sha512-m5sRdtsB1F5fnC1Ozla7ryftU47wVpO+HWd+JQTqeoG0g/oPh5EfbWfcVHbNCEtuoHfALIySiUWS20pz2hX6jA==}
    peerDependencies:
      postcss: ^8.3.3
      stylelint: ^15.0.0
    peerDependenciesMeta:
      postcss:
        optional: true
    dependencies:
      stylelint-config-recommended-scss: 9.0.1
      stylelint-config-standard: 30.0.1
    dev: false

  /stylelint-config-standard/30.0.1:
    resolution: {integrity: sha512-NbeHOmpRQhjZh5XB1B/S4MLRWvz4xxAxeDBjzl0tY2xEcayNhLbaRGF0ZQzq+DQZLCcPpOHeS2Ru1ydbkhkmLg==}
    peerDependencies:
      stylelint: ^15.0.0
    dependencies:
      stylelint-config-recommended: 10.0.1
    dev: false

  /stylelint-order/6.0.3:
    resolution: {integrity: sha512-1j1lOb4EU/6w49qZeT2SQVJXm0Ht+Qnq9GMfUa3pMwoyojIWfuA+JUDmoR97Bht1RLn4ei0xtLGy87M7d29B1w==}
    peerDependencies:
      stylelint: ^14.0.0 || ^15.0.0
    dependencies:
      postcss: 8.4.21
      postcss-sorting: 8.0.2_postcss@8.4.21
    dev: false

  /stylelint-scss/4.4.0:
    resolution: {integrity: sha512-Qy66a+/30aylFhPmUArHhVsHOun1qrO93LGT15uzLuLjWS7hKDfpFm34mYo1ndR4MCo8W4bEZM1+AlJRJORaaw==}
    peerDependencies:
      stylelint: ^14.5.1 || ^15.0.0
    dependencies:
      lodash: 4.17.21
      postcss-media-query-parser: 0.2.3
      postcss-resolve-nested-selector: 0.1.1
      postcss-selector-parser: 6.0.11
      postcss-value-parser: 4.2.0
    dev: false

  /util-deprecate/1.0.2:
    resolution: {integrity: sha512-EPD5q1uXyFxJpCrLnCc1nHnq3gOa6DZBocAIiI2TaSCA7VCJ1UJDMagCzIkXNsUYfD1daK//LTEQ8xiIbrHtcw==}
    dev: false
