lockfileVersion: '6.0'

settings:
  autoInstallPeers: true
  excludeLinksFromLockfile: false

dependencies:
  stylelint-config-css-modules:
    specifier: ^4.4.0
    version: 4.4.0
  stylelint-config-prettier:
    specifier: ^9.0.5
    version: 9.0.5
  stylelint-config-recess-order:
    specifier: ^4.4.0
    version: 4.4.0
  stylelint-config-standard:
    specifier: ^36.0.0
    version: 36.0.0
  stylelint-config-standard-scss:
    specifier: ^12.0.0
    version: 12.0.0(postcss@8.4.32)

devDependencies:
  prettier:
    specifier: ^3.1.1
    version: 3.1.1

packages:

  /cssesc@3.0.0:
    resolution: {integrity: sha512-/Tb/JcjK111nNScGob5MNtsntNM1aCNUDipB/TkwZFhyDrrE47SOx/18wF2bbjgc3ZzCSKW1T5nt5EbFoAz/Vg==}
    engines: {node: '>=4'}
    hasBin: true
    requiresBuild: true
    dev: false

  /known-css-properties@0.29.0:
    resolution: {integrity: sha512-Ne7wqW7/9Cz54PDt4I3tcV+hAyat8ypyOGzYRJQfdxnnjeWsTxt1cy8pjvvKeI5kfXuyvULyeeAvwvvtAX3ayQ==}
    requiresBuild: true
    dev: false

  /nanoid@3.3.7:
    resolution: {integrity: sha512-eSRppjcPIatRIMC1U6UngP8XFcz8MQWGQdt1MTBQ7NaAmvXDfvNxbvWV3x2y6CdEUciCSsDHDQZbhYaB8QEo2g==}
    engines: {node: ^10 || ^12 || ^13.7 || ^14 || >=15.0.1}
    hasBin: true
    dev: false

  /picocolors@1.0.0:
    resolution: {integrity: sha512-1fygroTLlHu66zi26VoTDv8yRgm0Fccecssto+MhsZ0D/DGW2sm8E8AjW7NU5VVTRt5GxbeZ5qBuJr+HyLYkjQ==}
    dev: false

  /postcss-media-query-parser@0.2.3:
    resolution: {integrity: sha512-3sOlxmbKcSHMjlUXQZKQ06jOswE7oVkXPxmZdoB1r5l0q6gTFTQSHxNxOrCccElbW7dxNytifNEo8qidX2Vsig==}
    requiresBuild: true
    dev: false

  /postcss-resolve-nested-selector@0.1.1:
    resolution: {integrity: sha512-HvExULSwLqHLgUy1rl3ANIqCsvMS0WHss2UOsXhXnQaZ9VCc2oBvIpXrl00IUFT5ZDITME0o6oiXeiHr2SAIfw==}
    requiresBuild: true
    dev: false

  /postcss-scss@4.0.9(postcss@8.4.32):
    resolution: {integrity: sha512-AjKOeiwAitL/MXxQW2DliT28EKukvvbEWx3LBmJIRN8KfBGZbRTxNYW0kSqi1COiTZ57nZ9NW06S6ux//N1c9A==}
    engines: {node: '>=12.0'}
    peerDependencies:
      postcss: ^8.4.29
    dependencies:
      postcss: 8.4.32
    dev: false

  /postcss-selector-parser@6.0.13:
    resolution: {integrity: sha512-EaV1Gl4mUEV4ddhDnv/xtj7sxwrwxdetHdWUGnT4VJQf+4d05v6lHYZr8N573k5Z0BViss7BDhfWtKS3+sfAqQ==}
    engines: {node: '>=4'}
    requiresBuild: true
    dependencies:
      cssesc: 3.0.0
      util-deprecate: 1.0.2
    dev: false

  /postcss-sorting@8.0.2(postcss@8.4.32):
    resolution: {integrity: sha512-M9dkSrmU00t/jK7rF6BZSZauA5MAaBW4i5EnJXspMwt4iqTh/L9j6fgMnbElEOfyRyfLfVbIHj/R52zHzAPe1Q==}
    peerDependencies:
      postcss: ^8.4.20
    dependencies:
      postcss: 8.4.32
    dev: false

  /postcss-value-parser@4.2.0:
    resolution: {integrity: sha512-1NNCs6uurfkVbeXG4S8JFT9t19m45ICnif8zWLd5oPSZ50QnwMfK+H3jv408d4jw/7Bttv5axS5IiHoLaVNHeQ==}
    requiresBuild: true
    dev: false

  /postcss@8.4.32:
    resolution: {integrity: sha512-D/kj5JNu6oo2EIy+XL/26JEDTlIbB8hw85G8StOE6L74RQAVVP5rej6wxCNqyMbR4RkPfqvezVbPw81Ngd6Kcw==}
    engines: {node: ^10 || ^12 || >=14}
    dependencies:
      nanoid: 3.3.7
      picocolors: 1.0.0
      source-map-js: 1.0.2
    dev: false

  /prettier@3.1.1:
    resolution: {integrity: sha512-22UbSzg8luF4UuZtzgiUOfcGM8s4tjBv6dJRT7j275NXsy2jb4aJa4NNveul5x4eqlF1wuhuR2RElK71RvmVaw==}
    engines: {node: '>=14'}
    hasBin: true
    dev: true

  /source-map-js@1.0.2:
    resolution: {integrity: sha512-R0XvVJ9WusLiqTCEiGCmICCMplcCkIwwR11mOSD9CR5u+IXYdiseeEuXCVAjS54zqwkLcPNnmU4OeJ6tUrWhDw==}
    engines: {node: '>=0.10.0'}
    dev: false

  /stylelint-config-css-modules@4.4.0:
    resolution: {integrity: sha512-J93MtxPjRzs/TjwbJ5y9SQy4iIqULXwL1CF1yx2tQCJfS/VZUcDAmoGOwqlLbhHXSQtZO5XQiA75NVWUR3KDCQ==}
    peerDependencies:
      stylelint: ^14.5.1 || ^15.0.0 || ^16.0.0
    optionalDependencies:
      stylelint-scss: 6.0.0
    dev: false

  /stylelint-config-prettier@9.0.5:
    resolution: {integrity: sha512-U44lELgLZhbAD/xy/vncZ2Pq8sh2TnpiPvo38Ifg9+zeioR+LAkHu0i6YORIOxFafZoVg0xqQwex6e6F25S5XA==}
    engines: {node: '>= 12'}
    hasBin: true
    peerDependencies:
      stylelint: '>= 11.x < 15'
    dev: false

  /stylelint-config-recess-order@4.4.0:
    resolution: {integrity: sha512-Q99kvZyIM/aoPEV4dRDkzD3fZLzH0LXi+pawCf1r700uUeF/PHQ5PZXjwFUuGrWhOzd1N+cuVm+OUGsY2fRN5A==}
    peerDependencies:
      stylelint: '>=15'
    dependencies:
      stylelint-order: 6.0.4
    dev: false

  /stylelint-config-recommended-scss@14.0.0(postcss@8.4.32):
    resolution: {integrity: sha512-HDvpoOAQ1RpF+sPbDOT2Q2/YrBDEJDnUymmVmZ7mMCeNiFSdhRdyGEimBkz06wsN+HaFwUh249gDR+I9JR7Onw==}
    engines: {node: '>=18.12.0'}
    peerDependencies:
      postcss: ^8.3.3
      stylelint: ^16.0.2
    peerDependenciesMeta:
      postcss:
        optional: true
    dependencies:
      postcss: 8.4.32
      postcss-scss: 4.0.9(postcss@8.4.32)
      stylelint-config-recommended: 14.0.0
      stylelint-scss: 6.0.0
    dev: false

  /stylelint-config-recommended@14.0.0:
    resolution: {integrity: sha512-jSkx290CglS8StmrLp2TxAppIajzIBZKYm3IxT89Kg6fGlxbPiTiyH9PS5YUuVAFwaJLl1ikiXX0QWjI0jmgZQ==}
    engines: {node: '>=18.12.0'}
    peerDependencies:
      stylelint: ^16.0.0
    dev: false

  /stylelint-config-standard-scss@12.0.0(postcss@8.4.32):
    resolution: {integrity: sha512-ATh3EcEOLZq0iwlFaBdIsSavrla0lNtJ7mO7hdE7DgVT6imozRggFSqd4cFcjzVnOLKv/uJT63MmqA1acIflbw==}
    engines: {node: '>=18.12.0'}
    peerDependencies:
      postcss: ^8.3.3
      stylelint: ^16.0.2
    peerDependenciesMeta:
      postcss:
        optional: true
    dependencies:
      postcss: 8.4.32
      stylelint-config-recommended-scss: 14.0.0(postcss@8.4.32)
      stylelint-config-standard: 35.0.0
    dev: false

  /stylelint-config-standard@35.0.0:
    resolution: {integrity: sha512-JyQrNZk2BZwVKFauGGxW2U6RuhIfQ4XoHHo+rBzMHcAkLnwI/knpszwXjzxiMgSfcxbZBckM7Vq4LHoANTR85g==}
    engines: {node: '>=18.12.0'}
    peerDependencies:
      stylelint: ^16.0.0
    dependencies:
      stylelint-config-recommended: 14.0.0
    dev: false

  /stylelint-config-standard@36.0.0:
    resolution: {integrity: sha512-3Kjyq4d62bYFp/Aq8PMKDwlgUyPU4nacXsjDLWJdNPRUgpuxALu1KnlAHIj36cdtxViVhXexZij65yM0uNIHug==}
    engines: {node: '>=18.12.0'}
    peerDependencies:
      stylelint: ^16.1.0
    dependencies:
      stylelint-config-recommended: 14.0.0
    dev: false

  /stylelint-order@6.0.4:
    resolution: {integrity: sha512-0UuKo4+s1hgQ/uAxlYU4h0o0HS4NiQDud0NAUNI0aa8FJdmYHA5ZZTFHiV5FpmE3071e9pZx5j0QpVJW5zOCUA==}
    peerDependencies:
      stylelint: ^14.0.0 || ^15.0.0 || ^16.0.1
    dependencies:
      postcss: 8.4.32
      postcss-sorting: 8.0.2(postcss@8.4.32)
    dev: false

  /stylelint-scss@6.0.0:
    resolution: {integrity: sha512-N1xV/Ef5PNRQQt9E45unzGvBUN1KZxCI8B4FgN/pMfmyRYbZGVN4y9qWlvOMdScU17c8VVCnjIHTVn38Bb6qSA==}
    engines: {node: '>=18.12.0'}
    peerDependencies:
      stylelint: ^16.0.2
    dependencies:
      known-css-properties: 0.29.0
      postcss-media-query-parser: 0.2.3
      postcss-resolve-nested-selector: 0.1.1
      postcss-selector-parser: 6.0.13
      postcss-value-parser: 4.2.0
    dev: false

  /util-deprecate@1.0.2:
    resolution: {integrity: sha512-EPD5q1uXyFxJpCrLnCc1nHnq3gOa6DZBocAIiI2TaSCA7VCJ1UJDMagCzIkXNsUYfD1daK//LTEQ8xiIbrHtcw==}
    requiresBuild: true
    dev: false
